{"1.2.0",
[{<<"asobi">>,
  {git,"https://github.com/widgrensit/asobi.git",
       {ref,"e8bf21622bb040b5a95361d96b3a4c25f60e76a9"}},
  0},
 {<<"backoff">>,{pkg,<<"backoff">>,<<"1.1.6">>},3},
 {<<"cowboy">>,{pkg,<<"cowboy">>,<<"2.18.0">>},1},
 {<<"cowlib">>,{pkg,<<"cowlib">>,<<"2.19.0">>},0},
 {<<"erlydtl">>,{pkg,<<"erlydtl">>,<<"0.14.0">>},2},
 {<<"jhn_stdlib">>,{pkg,<<"jhn_stdlib">>,<<"5.11.2">>},2},
 {<<"jose">>,{pkg,<<"jose">>,<<"1.11.12">>},3},
 {<<"kura">>,{pkg,<<"kura">>,<<"2.17.1">>},1},
 {<<"kura_postgres">>,{pkg,<<"kura_postgres">>,<<"0.7.2">>},1},
 {<<"luerl">>,{pkg,<<"luerl">>,<<"1.5.1">>},0},
 {<<"nova">>,{pkg,<<"nova">>,<<"0.15.1">>},1},
 {<<"nova_auth">>,{pkg,<<"nova_auth">>,<<"0.2.0">>},1},
 {<<"nova_auth_oidc">>,{pkg,<<"nova_auth_oidc">>,<<"0.2.1">>},1},
 {<<"nova_resilience">>,{pkg,<<"nova_resilience">>,<<"1.0.3">>},1},
 {<<"oidcc">>,{pkg,<<"oidcc">>,<<"3.8.0">>},2},
 {<<"opentelemetry_api">>,{pkg,<<"opentelemetry_api">>,<<"1.5.0">>},3},
 {<<"pg_types">>,{pkg,<<"pg_types">>,<<"0.6.0">>},3},
 {<<"pgo">>,{pkg,<<"pgo">>,<<"0.20.0">>},2},
 {<<"ranch">>,{pkg,<<"ranch">>,<<"2.2.1">>},2},
 {<<"routing_tree">>,{pkg,<<"routing_tree">>,<<"1.0.11">>},2},
 {<<"seki">>,{pkg,<<"seki">>,<<"0.4.3">>},1},
 {<<"shigoto">>,{pkg,<<"shigoto">>,<<"1.2.2">>},1},
 {<<"telemetry">>,{pkg,<<"telemetry">>,<<"1.4.2">>},2},
 {<<"telemetry_registry">>,{pkg,<<"telemetry_registry">>,<<"0.3.2">>},3},
 {<<"thoas">>,{pkg,<<"thoas">>,<<"1.2.1">>},2}]}.
[
{pkg_hash,[
 {<<"backoff">>, <<"83B72ED2108BA1EE8F7D1C22E0B4A00CFE3593A67DBC792799E8CCE9F42F796B">>},
 {<<"cowboy">>, <<"BFF388EB4D6356CB3F88C26E65B515976BF04B401B805D31550C3E60EBA8FE18">>},
 {<<"cowlib">>, <<"C9D11C9D035472E27A740C9F327786C61ED209269B4BE0260D59D3EC07B8949F">>},
 {<<"erlydtl">>, <<"964B2DC84F8C17ACFAA69C59BA129EF26AC45D2BA898C3C6AD9B5BDC8BA13CED">>},
 {<<"jhn_stdlib">>, <<"785074F3CA368EAA8E9AF1592BC19AE9EF1F7AF30B2CD6456A6083173A8F5CCB">>},
 {<<"jose">>, <<"06E62B467B61D3726CBC19E9B5489F7549C37993DE846DFB3EE8259F9ED208B3">>},
 {<<"kura">>, <<"6C32025B0BCE4F5674219C761AC614B67BA3A920B6A93E0E601231926BA02335">>},
 {<<"kura_postgres">>, <<"D5229C57FE7E1B85900F16E65F34D227888DB51D0B0FB808EB6436B21F189395">>},
 {<<"luerl">>, <<"F6700420950FC6889137E7A0C11C4A8467DEA04A8C23F707A40D83566D14E786">>},
 {<<"nova">>, <<"8207112C6CEFFF577BF66F4CC62C8E9CA9333CB50C8260E7912971F50DA136A2">>},
 {<<"nova_auth">>, <<"0447C6FE716348FF0621F9F043A0CD147D8DAFD11C3E3F22CB170F7C7B00ACE8">>},
 {<<"nova_auth_oidc">>, <<"3358E72B699A642E88A1B63FE024F0FB2817761FAA6620723601C84C725B61DE">>},
 {<<"nova_resilience">>, <<"353C95496647B8FFF390D3367F2BA126F2998F6EACFFC4F06BA900CD401B3441">>},
 {<<"oidcc">>, <<"3EE9F56A8F209C8EBCB7FCC95DA355AD776C1479F883EF30194FFF386EBE75E6">>},
 {<<"opentelemetry_api">>, <<"1A676F3E3340CAB81C763E939A42E11A70C22863F645AA06AAFEFC689B5550CF">>},
 {<<"pg_types">>, <<"B530C56330A59288BE49CDD27739EC025B6E877A475AE70BF95B04F1E3A817C4">>},
 {<<"pgo">>, <<"4F4A1FCB0A4894311BE238195BDAD4DF80312AB091DB87FE5348FAFA4DA75F87">>},
 {<<"ranch">>, <<"FC2BB0E800EFBEAB8FF82EB325450B9C08653B14C3F69E8B09BBEA304973105D">>},
 {<<"routing_tree">>, <<"72ACEF2095F0EC804F7AFD07EF781DDE5009425A1CA0A28F0706B1DB334A4812">>},
 {<<"seki">>, <<"3A9209AD6154DA08084E8409C8F97586C79855450A748D989EDF23483B90B8B8">>},
 {<<"shigoto">>, <<"7DAA82CD28FDAD50CDEF227B4B4BEE301EAA1F9CC1F5ED585EC756763178EABF">>},
 {<<"telemetry">>, <<"A0CB522801DFFB1C49FE6E30561BADFFC7B6D0E180DB1300DF759FAA22062855">>},
 {<<"telemetry_registry">>, <<"701576890320BE6428189BFF963E865E8F23E0FF3615EADE8F78662BE0FC003C">>},
 {<<"thoas">>, <<"19A25F31177A17E74004D4840F66D791D4298C5738790FA2CC73731EB911F195">>}]},
{pkg_hash_ext,[
 {<<"backoff">>, <<"CF0CFFF8995FB20562F822E5CC47D8CCF664C5ECDC26A684CBE85C225F9D7C39">>},
 {<<"cowboy">>, <<"62D0B26ABCF455054972B0DA242389C69D5982CE5914AFB8C344517F667B9600">>},
 {<<"cowlib">>, <<"6DC66E3135B229193EA4DCB14294E79520C923D391315C9C962EF0B4BEA72356">>},
 {<<"erlydtl">>, <<"D80EC044CD8F58809C19D29AC5605BE09E955040911B644505E31E9DD8143431">>},
 {<<"jhn_stdlib">>, <<"2329CD16DEE46704AAB6184D09508E59DBA31C4D3255271DBB7D34D115ECA508">>},
 {<<"jose">>, <<"31E92B653E9210B696765CDD885437457DE1ADD2A9011D92F8CF63E4641BAB7B">>},
 {<<"kura">>, <<"BB872E7831CAB132EF7B50D9A0C9C7AD83DD6A24E4FCF2AAC7BED3A544B00609">>},
 {<<"kura_postgres">>, <<"9209A4F16826BA17282CF16CCEF442B319BAC6581DAD73B34BFD7A0E3927D0D5">>},
 {<<"luerl">>, <<"ABF88D849BAA0D5DCA93B245A8688D4DE2EE3D588159BB2FAF51E15946509390">>},
 {<<"nova">>, <<"414FAAA2BA4DC9B652FE96A0AB563A069BCF1862FDC5FDCDDF0A9B234B07782E">>},
 {<<"nova_auth">>, <<"1B343A8932037B675138DA50AF6118E4B7D3E7C93713DC9DFCD4C3F7B206DE2F">>},
 {<<"nova_auth_oidc">>, <<"DB9C3A32CA4B1F116834B9DE5BAE59F94F7BF4C9D8183A0B9F5D4E3093BFF8EE">>},
 {<<"nova_resilience">>, <<"FFF1FE82634386A944553B2B2483AB3D140DAEA27A24A42AA1AFDD3E0BB97B0B">>},
 {<<"oidcc">>, <<"99473DDB93FE46F3EA864EABEE92ECD94CD461E223966BEDBC2FD8A4B4C7F30B">>},
 {<<"opentelemetry_api">>, <<"F53EC8A1337AE4A487D43AC89DA4BD3A3C99DDF576655D071DEED8B56A2D5DDA">>},
 {<<"pg_types">>, <<"9949A4849DD13408FA249AB7B745E0D2DFDB9532AEE2B9722326E33CD082A778">>},
 {<<"pgo">>, <<"2F11E6649CEB38E569EF56B16BE1D04874AE5B11A02867080A2817CE423C683B">>},
 {<<"ranch">>, <<"55F05CCE20EC2DA1D90DE5D5981AFB93DBFC01325FC7E933189AA5C62F037C24">>},
 {<<"routing_tree">>, <<"85982C7AC502892C5179CD2A591331003BACD2D2A71723640BA7D23F45408E6E">>},
 {<<"seki">>, <<"5493BAC387329DE722AC5BCB967364CACECC104AE3E6ED143863453263DC6DB4">>},
 {<<"shigoto">>, <<"32BC87B8127507F31F2F007CB5B947C3AF4E3D1C9EC73059E72564E2F649A0DC">>},
 {<<"telemetry">>, <<"928F6495066506077862C0D1646609EED891A4326BEE3126BA54B60AF61FEBB1">>},
 {<<"telemetry_registry">>, <<"E7ED191EB1D115A3034AF8E1E35E4E63D5348851D556646D46CA3D1B4E16BAB9">>},
 {<<"thoas">>, <<"E38697EDFFD6E91BD12CEA41B155115282630075C2A727E7A6B2947F5408B86A">>}]}
].
